// !$*UTF8*$!
{
	archiveVersion = 1;
	classes = {
	};
	objectVersion = 55;
	objects = {

/* Begin PBXBuildFile section */
		2D64F09C2759467900C1831A /* GoalsView.swift in Sources */ = {isa = PBXBuildFile; fileRef = 2D64F09B2759467900C1831A /* GoalsView.swift */; };
		2D64F09E27594D9500C1831A /* GoalField.swift in Sources */ = {isa = PBXBuildFile; fileRef = 2D64F09D27594D9500C1831A /* GoalField.swift */; };
		2D64F0A3275990DA00C1831A /* PlatesListView.swift in Sources */ = {isa = PBXBuildFile; fileRef = 2D64F0A2275990D900C1831A /* PlatesListView.swift */; };
		2D64F0A52759939B00C1831A /* PlateView.swift in Sources */ = {isa = PBXBuildFile; fileRef = 2D64F0A42759939B00C1831A /* PlateView.swift */; };
		2D64F0A8275AE42C00C1831A /* MenuView.swift in Sources */ = {isa = PBXBuildFile; fileRef = 2D64F0A7275AE42C00C1831A /* MenuView.swift */; };
		2D64F0AB275AF94A00C1831A /* RegisterMealView.swift in Sources */ = {isa = PBXBuildFile; fileRef = 2D64F0AA275AF94A00C1831A /* RegisterMealView.swift */; };
		2D64F0AF275D826500C1831A /* SearchBar.swift in Sources */ = {isa = PBXBuildFile; fileRef = 2D64F0AE275D826500C1831A /* SearchBar.swift */; };
		966E8FEE2765792100A8B3AC /* MenuModel.swift in Sources */ = {isa = PBXBuildFile; fileRef = 966E8FED2765792100A8B3AC /* MenuModel.swift */; };
		966E8FF02765854900A8B3AC /* MenuViewModel.swift in Sources */ = {isa = PBXBuildFile; fileRef = 966E8FEF2765854900A8B3AC /* MenuViewModel.swift */; };
		96A06963275EBF2C00C7D99F /* FavoritesMealsView.swift in Sources */ = {isa = PBXBuildFile; fileRef = 96A06962275EBF2C00C7D99F /* FavoritesMealsView.swift */; };
		96A06965275FCB7C00C7D99F /* IngredientView.swift in Sources */ = {isa = PBXBuildFile; fileRef = 96A06964275FCB7C00C7D99F /* IngredientView.swift */; };
		D3B8DA91274A980300E5692E /* FoundationsApp.swift in Sources */ = {isa = PBXBuildFile; fileRef = D3B8DA90274A980300E5692E /* FoundationsApp.swift */; };
		D3B8DA93274A980300E5692E /* MealView.swift in Sources */ = {isa = PBXBuildFile; fileRef = D3B8DA92274A980300E5692E /* MealView.swift */; };
		D3B8DA95274A980700E5692E /* Assets.xcassets in Resources */ = {isa = PBXBuildFile; fileRef = D3B8DA94274A980700E5692E /* Assets.xcassets */; };
		D3B8DA98274A980700E5692E /* Preview Assets.xcassets in Resources */ = {isa = PBXBuildFile; fileRef = D3B8DA97274A980700E5692E /* Preview Assets.xcassets */; };
		D3B8DA9F274AA32900E5692E /* RectangularView.swift in Sources */ = {isa = PBXBuildFile; fileRef = D3B8DA9E274AA32900E5692E /* RectangularView.swift */; };
		D3B8DAA1274AA9ED00E5692E /* MacronutrientView.swift in Sources */ = {isa = PBXBuildFile; fileRef = D3B8DAA0274AA9ED00E5692E /* MacronutrientView.swift */; };
/* End PBXBuildFile section */

/* Begin PBXFileReference section */
		2D64F09B2759467900C1831A /* GoalsView.swift */ = {isa = PBXFileReference; lastKnownFileType = sourcecode.swift; path = GoalsView.swift; sourceTree = "<group>"; };
		2D64F09D27594D9500C1831A /* GoalField.swift */ = {isa = PBXFileReference; lastKnownFileType = sourcecode.swift; path = GoalField.swift; sourceTree = "<group>"; };
		2D64F0A2275990D900C1831A /* PlatesListView.swift */ = {isa = PBXFileReference; lastKnownFileType = sourcecode.swift; path = PlatesListView.swift; sourceTree = "<group>"; };
		2D64F0A42759939B00C1831A /* PlateView.swift */ = {isa = PBXFileReference; lastKnownFileType = sourcecode.swift; path = PlateView.swift; sourceTree = "<group>"; };
		2D64F0A7275AE42C00C1831A /* MenuView.swift */ = {isa = PBXFileReference; lastKnownFileType = sourcecode.swift; path = MenuView.swift; sourceTree = "<group>"; };
		2D64F0AA275AF94A00C1831A /* RegisterMealView.swift */ = {isa = PBXFileReference; lastKnownFileType = sourcecode.swift; path = RegisterMealView.swift; sourceTree = "<group>"; };
		2D64F0AE275D826500C1831A /* SearchBar.swift */ = {isa = PBXFileReference; lastKnownFileType = sourcecode.swift; path = SearchBar.swift; sourceTree = "<group>"; };
		966E8FED2765792100A8B3AC /* MenuModel.swift */ = {isa = PBXFileReference; lastKnownFileType = sourcecode.swift; path = MenuModel.swift; sourceTree = "<group>"; };
		966E8FEF2765854900A8B3AC /* MenuViewModel.swift */ = {isa = PBXFileReference; lastKnownFileType = sourcecode.swift; path = MenuViewModel.swift; sourceTree = "<group>"; };
		96A06962275EBF2C00C7D99F /* FavoritesMealsView.swift */ = {isa = PBXFileReference; lastKnownFileType = sourcecode.swift; path = FavoritesMealsView.swift; sourceTree = "<group>"; };
		96A06964275FCB7C00C7D99F /* IngredientView.swift */ = {isa = PBXFileReference; lastKnownFileType = sourcecode.swift; path = IngredientView.swift; sourceTree = "<group>"; };
		D3B8DA8D274A980300E5692E /* Foundations.app */ = {isa = PBXFileReference; explicitFileType = wrapper.application; includeInIndex = 0; path = Foundations.app; sourceTree = BUILT_PRODUCTS_DIR; };
		D3B8DA90274A980300E5692E /* FoundationsApp.swift */ = {isa = PBXFileReference; lastKnownFileType = sourcecode.swift; path = FoundationsApp.swift; sourceTree = "<group>"; };
		D3B8DA92274A980300E5692E /* MealView.swift */ = {isa = PBXFileReference; lastKnownFileType = sourcecode.swift; path = MealView.swift; sourceTree = "<group>"; };
		D3B8DA94274A980700E5692E /* Assets.xcassets */ = {isa = PBXFileReference; lastKnownFileType = folder.assetcatalog; path = Assets.xcassets; sourceTree = "<group>"; };
		D3B8DA97274A980700E5692E /* Preview Assets.xcassets */ = {isa = PBXFileReference; lastKnownFileType = folder.assetcatalog; path = "Preview Assets.xcassets"; sourceTree = "<group>"; };
		D3B8DA9E274AA32900E5692E /* RectangularView.swift */ = {isa = PBXFileReference; lastKnownFileType = sourcecode.swift; path = RectangularView.swift; sourceTree = "<group>"; };
		D3B8DAA0274AA9ED00E5692E /* MacronutrientView.swift */ = {isa = PBXFileReference; lastKnownFileType = sourcecode.swift; path = MacronutrientView.swift; sourceTree = "<group>"; };
/* End PBXFileReference section */

/* Begin PBXFrameworksBuildPhase section */
		D3B8DA8A274A980300E5692E /* Frameworks */ = {
			isa = PBXFrameworksBuildPhase;
			buildActionMask = 2147483647;
			files = (
			);
			runOnlyForDeploymentPostprocessing = 0;
		};
/* End PBXFrameworksBuildPhase section */

/* Begin PBXGroup section */
		2D64F09A2759459500C1831A /* Goals */ = {
			isa = PBXGroup;
			children = (
				2D64F09B2759467900C1831A /* GoalsView.swift */,
				2D64F09D27594D9500C1831A /* GoalField.swift */,
			);
			path = Goals;
			sourceTree = "<group>";
		};
		2D64F0A127598EF700C1831A /* PlatesList */ = {
			isa = PBXGroup;
			children = (
				2D64F0A2275990D900C1831A /* PlatesListView.swift */,
				2D64F0A42759939B00C1831A /* PlateView.swift */,
			);
			path = PlatesList;
			sourceTree = "<group>";
		};
		2D64F0A6275AE3A400C1831A /* Menu */ = {
			isa = PBXGroup;
			children = (
				2D64F0A7275AE42C00C1831A /* MenuView.swift */,
				966E8FED2765792100A8B3AC /* MenuModel.swift */,
				966E8FEF2765854900A8B3AC /* MenuViewModel.swift */,
			);
			path = Menu;
			sourceTree = "<group>";
		};
		2D64F0A9275AF8D800C1831A /* RegisterMeal */ = {
			isa = PBXGroup;
			children = (
				2D64F0AA275AF94A00C1831A /* RegisterMealView.swift */,
			);
			path = RegisterMeal;
			sourceTree = "<group>";
		};
		96A06961275EBCE200C7D99F /* FavoritesMeals */ = {
			isa = PBXGroup;
			children = (
				96A06962275EBF2C00C7D99F /* FavoritesMealsView.swift */,
			);
			path = FavoritesMeals;
			sourceTree = "<group>";
		};
		D32263442762FC4700CF48F4 /* Meal */ = {
			isa = PBXGroup;
			children = (
				D3B8DA92274A980300E5692E /* MealView.swift */,
			);
			path = Meal;
			sourceTree = "<group>";
		};
		D32263452762FC8700CF48F4 /* Components */ = {
			isa = PBXGroup;
			children = (
				D3B8DAA0274AA9ED00E5692E /* MacronutrientView.swift */,
				D3B8DA9E274AA32900E5692E /* RectangularView.swift */,
				2D64F0AE275D826500C1831A /* SearchBar.swift */,
				96A06964275FCB7C00C7D99F /* IngredientView.swift */,
			);
			path = Components;
			sourceTree = "<group>";
		};
		D3B8DA84274A980300E5692E = {
			isa = PBXGroup;
			children = (
				D3B8DA8F274A980300E5692E /* Foundations */,
				D3B8DA8E274A980300E5692E /* Products */,
			);
			sourceTree = "<group>";
		};
		D3B8DA8E274A980300E5692E /* Products */ = {
			isa = PBXGroup;
			children = (
				D3B8DA8D274A980300E5692E /* Foundations.app */,
			);
			name = Products;
			sourceTree = "<group>";
		};
		D3B8DA8F274A980300E5692E /* Foundations */ = {
			isa = PBXGroup;
			children = (
				96A06961275EBCE200C7D99F /* FavoritesMeals */,
				2D64F0A9275AF8D800C1831A /* RegisterMeal */,
				2D64F0A6275AE3A400C1831A /* Menu */,
				2D64F0A127598EF700C1831A /* PlatesList */,
				2D64F09A2759459500C1831A /* Goals */,
				D3B8DA90274A980300E5692E /* FoundationsApp.swift */,
				D32263442762FC4700CF48F4 /* Meal */,
				D32263452762FC8700CF48F4 /* Components */,
				D3B8DA94274A980700E5692E /* Assets.xcassets */,
				D3B8DA96274A980700E5692E /* Preview Content */,
			);
			path = Foundations;
			sourceTree = "<group>";
		};
		D3B8DA96274A980700E5692E /* Preview Content */ = {
			isa = PBXGroup;
			children = (
				D3B8DA97274A980700E5692E /* Preview Assets.xcassets */,
			);
			path = "Preview Content";
			sourceTree = "<group>";
		};
/* End PBXGroup section */

/* Begin PBXNativeTarget section */
		D3B8DA8C274A980300E5692E /* Foundations */ = {
			isa = PBXNativeTarget;
			buildConfigurationList = D3B8DA9B274A980700E5692E /* Build configuration list for PBXNativeTarget "Foundations" */;
			buildPhases = (
				D3B8DA89274A980300E5692E /* Sources */,
				D3B8DA8A274A980300E5692E /* Frameworks */,
				D3B8DA8B274A980300E5692E /* Resources */,
			);
			buildRules = (
			);
			dependencies = (
			);
			name = Foundations;
			productName = Foundations;
			productReference = D3B8DA8D274A980300E5692E /* Foundations.app */;
			productType = "com.apple.product-type.application";
		};
/* End PBXNativeTarget section */

/* Begin PBXProject section */
		D3B8DA85274A980300E5692E /* Project object */ = {
			isa = PBXProject;
			attributes = {
				BuildIndependentTargetsInParallel = 1;
				LastSwiftUpdateCheck = 1300;
				LastUpgradeCheck = 1300;
				TargetAttributes = {
					D3B8DA8C274A980300E5692E = {
						CreatedOnToolsVersion = 13.0;
					};
				};
			};
			buildConfigurationList = D3B8DA88274A980300E5692E /* Build configuration list for PBXProject "Foundations" */;
			compatibilityVersion = "Xcode 13.0";
			developmentRegion = en;
			hasScannedForEncodings = 0;
			knownRegions = (
				en,
				Base,
			);
			mainGroup = D3B8DA84274A980300E5692E;
			productRefGroup = D3B8DA8E274A980300E5692E /* Products */;
			projectDirPath = "";
			projectRoot = "";
			targets = (
				D3B8DA8C274A980300E5692E /* Foundations */,
			);
		};
/* End PBXProject section */

/* Begin PBXResourcesBuildPhase section */
		D3B8DA8B274A980300E5692E /* Resources */ = {
			isa = PBXResourcesBuildPhase;
			buildActionMask = 2147483647;
			files = (
				D3B8DA98274A980700E5692E /* Preview Assets.xcassets in Resources */,
				D3B8DA95274A980700E5692E /* Assets.xcassets in Resources */,
			);
			runOnlyForDeploymentPostprocessing = 0;
		};
/* End PBXResourcesBuildPhase section */

/* Begin PBXSourcesBuildPhase section */
		D3B8DA89274A980300E5692E /* Sources */ = {
			isa = PBXSourcesBuildPhase;
			buildActionMask = 2147483647;
			files = (
				2D64F0A3275990DA00C1831A /* PlatesListView.swift in Sources */,
				D3B8DAA1274AA9ED00E5692E /* MacronutrientView.swift in Sources */,
				2D64F0AB275AF94A00C1831A /* RegisterMealView.swift in Sources */,
				966E8FF02765854900A8B3AC /* MenuViewModel.swift in Sources */,
				96A06963275EBF2C00C7D99F /* FavoritesMealsView.swift in Sources */,
				2D64F09C2759467900C1831A /* GoalsView.swift in Sources */,
				2D64F0A52759939B00C1831A /* PlateView.swift in Sources */,
				D3B8DA93274A980300E5692E /* MealView.swift in Sources */,
				2D64F0A8275AE42C00C1831A /* MenuView.swift in Sources */,
				96A06965275FCB7C00C7D99F /* IngredientView.swift in Sources */,
				2D64F09E27594D9500C1831A /* GoalField.swift in Sources */,
				966E8FEE2765792100A8B3AC /* MenuModel.swift in Sources */,
				D3B8DA9F274AA32900E5692E /* RectangularView.swift in Sources */,
				2D64F0AF275D826500C1831A /* SearchBar.swift in Sources */,
				D3B8DA91274A980300E5692E /* FoundationsApp.swift in Sources */,
			);
			runOnlyForDeploymentPostprocessing = 0;
		};
/* End PBXSourcesBuildPhase section */

/* Begin XCBuildConfiguration section */
		D3B8DA99274A980700E5692E /* Debug */ = {
			isa = XCBuildConfiguration;
			buildSettings = {
				ALWAYS_SEARCH_USER_PATHS = NO;
				CLANG_ANALYZER_NONNULL = YES;
				CLANG_ANALYZER_NUMBER_OBJECT_CONVERSION = YES_AGGRESSIVE;
				CLANG_CXX_LANGUAGE_STANDARD = "gnu++17";
				CLANG_CXX_LIBRARY = "libc++";
				CLANG_ENABLE_MODULES = YES;
				CLANG_ENABLE_OBJC_ARC = YES;
				CLANG_ENABLE_OBJC_WEAK = YES;
				CLANG_WARN_BLOCK_CAPTURE_AUTORELEASING = YES;
				CLANG_WARN_BOOL_CONVERSION = YES;
				CLANG_WARN_COMMA = YES;
				CLANG_WARN_CONSTANT_CONVERSION = YES;
				CLANG_WARN_DEPRECATED_OBJC_IMPLEMENTATIONS = YES;
				CLANG_WARN_DIRECT_OBJC_ISA_USAGE = YES_ERROR;
				CLANG_WARN_DOCUMENTATION_COMMENTS = YES;
				CLANG_WARN_EMPTY_BODY = YES;
				CLANG_WARN_ENUM_CONVERSION = YES;
				CLANG_WARN_INFINITE_RECURSION = YES;
				CLANG_WARN_INT_CONVERSION = YES;
				CLANG_WARN_NON_LITERAL_NULL_CONVERSION = YES;
				CLANG_WARN_OBJC_IMPLICIT_RETAIN_SELF = YES;
				CLANG_WARN_OBJC_LITERAL_CONVERSION = YES;
				CLANG_WARN_OBJC_ROOT_CLASS = YES_ERROR;
				CLANG_WARN_QUOTED_INCLUDE_IN_FRAMEWORK_HEADER = YES;
				CLANG_WARN_RANGE_LOOP_ANALYSIS = YES;
				CLANG_WARN_STRICT_PROTOTYPES = YES;
				CLANG_WARN_SUSPICIOUS_MOVE = YES;
				CLANG_WARN_UNGUARDED_AVAILABILITY = YES_AGGRESSIVE;
				CLANG_WARN_UNREACHABLE_CODE = YES;
				CLANG_WARN__DUPLICATE_METHOD_MATCH = YES;
				COPY_PHASE_STRIP = NO;
				DEBUG_INFORMATION_FORMAT = dwarf;
				ENABLE_STRICT_OBJC_MSGSEND = YES;
				ENABLE_TESTABILITY = YES;
				GCC_C_LANGUAGE_STANDARD = gnu11;
				GCC_DYNAMIC_NO_PIC = NO;
				GCC_NO_COMMON_BLOCKS = YES;
				GCC_OPTIMIZATION_LEVEL = 0;
				GCC_PREPROCESSOR_DEFINITIONS = (
					"DEBUG=1",
					"$(inherited)",
				);
				GCC_WARN_64_TO_32_BIT_CONVERSION = YES;
				GCC_WARN_ABOUT_RETURN_TYPE = YES_ERROR;
				GCC_WARN_UNDECLARED_SELECTOR = YES;
				GCC_WARN_UNINITIALIZED_AUTOS = YES_AGGRESSIVE;
				GCC_WARN_UNUSED_FUNCTION = YES;
				GCC_WARN_UNUSED_VARIABLE = YES;
				IPHONEOS_DEPLOYMENT_TARGET = 15.0;
				MTL_ENABLE_DEBUG_INFO = INCLUDE_SOURCE;
				MTL_FAST_MATH = YES;
				ONLY_ACTIVE_ARCH = YES;
				SDKROOT = iphoneos;
				SWIFT_ACTIVE_COMPILATION_CONDITIONS = DEBUG;
				SWIFT_OPTIMIZATION_LEVEL = "-Onone";
			};
			name = Debug;
		};
		D3B8DA9A274A980700E5692E /* Release */ = {
			isa = XCBuildConfiguration;
			buildSettings = {
				ALWAYS_SEARCH_USER_PATHS = NO;
				CLANG_ANALYZER_NONNULL = YES;
				CLANG_ANALYZER_NUMBER_OBJECT_CONVERSION = YES_AGGRESSIVE;
				CLANG_CXX_LANGUAGE_STANDARD = "gnu++17";
				CLANG_CXX_LIBRARY = "libc++";
				CLANG_ENABLE_MODULES = YES;
				CLANG_ENABLE_OBJC_ARC = YES;
				CLANG_ENABLE_OBJC_WEAK = YES;
				CLANG_WARN_BLOCK_CAPTURE_AUTORELEASING = YES;
				CLANG_WARN_BOOL_CONVERSION = YES;
				CLANG_WARN_COMMA = YES;
				CLANG_WARN_CONSTANT_CONVERSION = YES;
				CLANG_WARN_DEPRECATED_OBJC_IMPLEMENTATIONS = YES;
				CLANG_WARN_DIRECT_OBJC_ISA_USAGE = YES_ERROR;
				CLANG_WARN_DOCUMENTATION_COMMENTS = YES;
				CLANG_WARN_EMPTY_BODY = YES;
				CLANG_WARN_ENUM_CONVERSION = YES;
				CLANG_WARN_INFINITE_RECURSION = YES;
				CLANG_WARN_INT_CONVERSION = YES;
				CLANG_WARN_NON_LITERAL_NULL_CONVERSION = YES;
				CLANG_WARN_OBJC_IMPLICIT_RETAIN_SELF = YES;
				CLANG_WARN_OBJC_LITERAL_CONVERSION = YES;
				CLANG_WARN_OBJC_ROOT_CLASS = YES_ERROR;
				CLANG_WARN_QUOTED_INCLUDE_IN_FRAMEWORK_HEADER = YES;
				CLANG_WARN_RANGE_LOOP_ANALYSIS = YES;
				CLANG_WARN_STRICT_PROTOTYPES = YES;
				CLANG_WARN_SUSPICIOUS_MOVE = YES;
				CLANG_WARN_UNGUARDED_AVAILABILITY = YES_AGGRESSIVE;
				CLANG_WARN_UNREACHABLE_CODE = YES;
				CLANG_WARN__DUPLICATE_METHOD_MATCH = YES;
				COPY_PHASE_STRIP = NO;
				DEBUG_INFORMATION_FORMAT = "dwarf-with-dsym";
				ENABLE_NS_ASSERTIONS = NO;
				ENABLE_STRICT_OBJC_MSGSEND = YES;
				GCC_C_LANGUAGE_STANDARD = gnu11;
				GCC_NO_COMMON_BLOCKS = YES;
				GCC_WARN_64_TO_32_BIT_CONVERSION = YES;
				GCC_WARN_ABOUT_RETURN_TYPE = YES_ERROR;
				GCC_WARN_UNDECLARED_SELECTOR = YES;
				GCC_WARN_UNINITIALIZED_AUTOS = YES_AGGRESSIVE;
				GCC_WARN_UNUSED_FUNCTION = YES;
				GCC_WARN_UNUSED_VARIABLE = YES;
				IPHONEOS_DEPLOYMENT_TARGET = 15.0;
				MTL_ENABLE_DEBUG_INFO = NO;
				MTL_FAST_MATH = YES;
				SDKROOT = iphoneos;
				SWIFT_COMPILATION_MODE = wholemodule;
				SWIFT_OPTIMIZATION_LEVEL = "-O";
				VALIDATE_PRODUCT = YES;
			};
			name = Release;
		};
		D3B8DA9C274A980700E5692E /* Debug */ = {
			isa = XCBuildConfiguration;
			buildSettings = {
				ASSETCATALOG_COMPILER_APPICON_NAME = AppIcon;
				ASSETCATALOG_COMPILER_GLOBAL_ACCENT_COLOR_NAME = AccentColor;
				CODE_SIGN_STYLE = Automatic;
				CURRENT_PROJECT_VERSION = 1;
				DEVELOPMENT_ASSET_PATHS = "\"Foundations/Preview Content\"";
				ENABLE_PREVIEWS = YES;
				GENERATE_INFOPLIST_FILE = YES;
				INFOPLIST_KEY_UIApplicationSceneManifest_Generation = YES;
				INFOPLIST_KEY_UIApplicationSupportsIndirectInputEvents = YES;
				INFOPLIST_KEY_UILaunchScreen_Generation = YES;
				INFOPLIST_KEY_UISupportedInterfaceOrientations_iPad = "UIInterfaceOrientationPortrait UIInterfaceOrientationPortraitUpsideDown UIInterfaceOrientationLandscapeLeft UIInterfaceOrientationLandscapeRight";
				INFOPLIST_KEY_UISupportedInterfaceOrientations_iPhone = "UIInterfaceOrientationPortrait UIInterfaceOrientationLandscapeLeft UIInterfaceOrientationLandscapeRight";
				IPHONEOS_DEPLOYMENT_TARGET = 14.0;
				LD_RUNPATH_SEARCH_PATHS = (
					"$(inherited)",
					"@executable_path/Frameworks",
				);
				MARKETING_VERSION = 1.0;
				PRODUCT_BUNDLE_IDENTIFIER = com.maca.Foundations;
				PRODUCT_NAME = "$(TARGET_NAME)";
				SWIFT_EMIT_LOC_STRINGS = YES;
				SWIFT_VERSION = 5.0;
				TARGETED_DEVICE_FAMILY = "1,2";
			};
			name = Debug;
		};
		D3B8DA9D274A980700E5692E /* Release */ = {
			isa = XCBuildConfiguration;
			buildSettings = {
				ASSETCATALOG_COMPILER_APPICON_NAME = AppIcon;
				ASSETCATALOG_COMPILER_GLOBAL_ACCENT_COLOR_NAME = AccentColor;
				CODE_SIGN_STYLE = Automatic;
				CURRENT_PROJECT_VERSION = 1;
				DEVELOPMENT_ASSET_PATHS = "\"Foundations/Preview Content\"";
				ENABLE_PREVIEWS = YES;
				GENERATE_INFOPLIST_FILE = YES;
				INFOPLIST_KEY_UIApplicationSceneManifest_Generation = YES;
				INFOPLIST_KEY_UIApplicationSupportsIndirectInputEvents = YES;
				INFOPLIST_KEY_UILaunchScreen_Generation = YES;
				INFOPLIST_KEY_UISupportedInterfaceOrientations_iPad = "UIInterfaceOrientationPortrait UIInterfaceOrientationPortraitUpsideDown UIInterfaceOrientationLandscapeLeft UIInterfaceOrientationLandscapeRight";
				INFOPLIST_KEY_UISupportedInterfaceOrientations_iPhone = "UIInterfaceOrientationPortrait UIInterfaceOrientationLandscapeLeft UIInterfaceOrientationLandscapeRight";
				IPHONEOS_DEPLOYMENT_TARGET = 14.0;
				LD_RUNPATH_SEARCH_PATHS = (
					"$(inherited)",
					"@executable_path/Frameworks",
				);
				MARKETING_VERSION = 1.0;
				PRODUCT_BUNDLE_IDENTIFIER = com.maca.Foundations;
				PRODUCT_NAME = "$(TARGET_NAME)";
				SWIFT_EMIT_LOC_STRINGS = YES;
				SWIFT_VERSION = 5.0;
				TARGETED_DEVICE_FAMILY = "1,2";
			};
			name = Release;
		};
/* End XCBuildConfiguration section */

/* Begin XCConfigurationList section */
		D3B8DA88274A980300E5692E /* Build configuration list for PBXProject "Foundations" */ = {
			isa = XCConfigurationList;
			buildConfigurations = (
				D3B8DA99274A980700E5692E /* Debug */,
				D3B8DA9A274A980700E5692E /* Release */,
			);
			defaultConfigurationIsVisible = 0;
			defaultConfigurationName = Release;
		};
		D3B8DA9B274A980700E5692E /* Build configuration list for PBXNativeTarget "Foundations" */ = {
			isa = XCConfigurationList;
			buildConfigurations = (
				D3B8DA9C274A980700E5692E /* Debug */,
				D3B8DA9D274A980700E5692E /* Release */,
			);
			defaultConfigurationIsVisible = 0;
			defaultConfigurationName = Release;
		};
/* End XCConfigurationList section */
	};
	rootObject = D3B8DA85274A980300E5692E /* Project object */;
}
